
Microsoft Visual Studio Solution File, Format Version 12.00
# Visual Studio 14
VisualStudioVersion = 14.0.25420.1
MinimumVisualStudioVersion = 10.0.40219.1
Project("{FAE04EC0-301F-11D3-BF4B-00C04F79EFBC}") = "WinFormUI", "WinFormUI\WinFormUI.csproj", "{D6A028AF-0982-4926-AA27-82A9F6E8D8B8}"
EndProject
Project("{FAE04EC0-301F-11D3-BF4B-00C04F79EFBC}") = "DataConversion", "DataConversion\DataConversion.csproj", "{7DB76F1D-7876-4909-B3F2-5B9C396FE9E6}"
EndProject
Project("{FAE04EC0-301F-11D3-BF4B-00C04F79EFBC}") = "DomainModel", "DomainModel\DomainModel.csproj", "{D51935DE-6CF2-43A1-9535-85A2491A62F0}"
EndProject
Project("{FAE04EC0-301F-11D3-BF4B-00C04F79EFBC}") = "DataConversionTest", "DataConversionTest\DataConversionTest.csproj", "{879AD1F8-91EF-4993-8874-CDA0873CC998}"
EndProject
Project("{FAE04EC0-301F-11D3-BF4B-00C04F79EFBC}") = "MovingAverageCalc", "MovingAverageCalculate\MovingAverageCalc.csproj", "{E866A0D6-0AB1-4058-BBB6-E46D3183561B}"
EndProject
Global
	GlobalSection(SolutionConfigurationPlatforms) = preSolution
		Debug|Any CPU = Debug|Any CPU
		Release|Any CPU = Release|Any CPU
	EndGlobalSection
	GlobalSection(ProjectConfigurationPlatforms) = postSolution
		{D6A028AF-0982-4926-AA27-82A9F6E8D8B8}.Debug|Any CPU.ActiveCfg = Debug|Any CPU
		{D6A028AF-0982-4926-AA27-82A9F6E8D8B8}.Debug|Any CPU.Build.0 = Debug|Any CPU
		{D6A028AF-0982-4926-AA27-82A9F6E8D8B8}.Release|Any CPU.ActiveCfg = Release|Any CPU
		{D6A028AF-0982-4926-AA27-82A9F6E8D8B8}.Release|Any CPU.Build.0 = Release|Any CPU
		{7DB76F1D-7876-4909-B3F2-5B9C396FE9E6}.Debug|Any CPU.ActiveCfg = Debug|Any CPU
		{7DB76F1D-7876-4909-B3F2-5B9C396FE9E6}.Debug|Any CPU.Build.0 = Debug|Any CPU
		{7DB76F1D-7876-4909-B3F2-5B9C396FE9E6}.Release|Any CPU.ActiveCfg = Release|Any CPU
		{7DB76F1D-7876-4909-B3F2-5B9C396FE9E6}.Release|Any CPU.Build.0 = Release|Any CPU
		{D51935DE-6CF2-43A1-9535-85A2491A62F0}.Debug|Any CPU.ActiveCfg = Debug|Any CPU
		{D51935DE-6CF2-43A1-9535-85A2491A62F0}.Debug|Any CPU.Build.0 = Debug|Any CPU
		{D51935DE-6CF2-43A1-9535-85A2491A62F0}.Release|Any CPU.ActiveCfg = Release|Any CPU
		{D51935DE-6CF2-43A1-9535-85A2491A62F0}.Release|Any CPU.Build.0 = Release|Any CPU
		{879AD1F8-91EF-4993-8874-CDA0873CC998}.Debug|Any CPU.ActiveCfg = Debug|Any CPU
		{879AD1F8-91EF-4993-8874-CDA0873CC998}.Debug|Any CPU.Build.0 = Debug|Any CPU
		{879AD1F8-91EF-4993-8874-CDA0873CC998}.Release|Any CPU.ActiveCfg = Release|Any CPU
		{879AD1F8-91EF-4993-8874-CDA0873CC998}.Release|Any CPU.Build.0 = Release|Any CPU
		{E866A0D6-0AB1-4058-BBB6-E46D3183561B}.Debug|Any CPU.ActiveCfg = Debug|Any CPU
		{E866A0D6-0AB1-4058-BBB6-E46D3183561B}.Debug|Any CPU.Build.0 = Debug|Any CPU
		{E866A0D6-0AB1-4058-BBB6-E46D3183561B}.Release|Any CPU.ActiveCfg = Release|Any CPU
		{E866A0D6-0AB1-4058-BBB6-E46D3183561B}.Release|Any CPU.Build.0 = Release|Any CPU
	EndGlobalSection
	GlobalSection(SolutionProperties) = preSolution
		HideSolutionNode = FALSE
	EndGlobalSection
EndGlobal
